
Microsoft Visual Studio Solution File, Format Version 12.00
# Visual Studio 14
VisualStudioVersion = 14.0.25420.1
MinimumVisualStudioVersion = 10.0.40219.1
Project("{FAE04EC0-301F-11D3-BF4B-00C04F79EFBC}") = "SoftEngProject", "SoftEngProject\SoftEngProject.csproj", "{E6937225-4868-4B50-A4DF-6F45540E4322}"
EndProject
Project("{FAE04EC0-301F-11D3-BF4B-00C04F79EFBC}") = "LogInForm", "..\..\MOD003263-LoginForm\MOD003263-LoginForm\LogInForm\LogInForm.csproj", "{8F70E7B2-9D14-4C73-AC4F-2FC432E69663}"
EndProject
Global
	GlobalSection(SolutionConfigurationPlatforms) = preSolution
		Debug|Any CPU = Debug|Any CPU
		Release|Any CPU = Release|Any CPU
	EndGlobalSection
	GlobalSection(ProjectConfigurationPlatforms) = postSolution
		{E6937225-4868-4B50-A4DF-6F45540E4322}.Debug|Any CPU.ActiveCfg = Debug|Any CPU
		{E6937225-4868-4B50-A4DF-6F45540E4322}.Debug|Any CPU.Build.0 = Debug|Any CPU
		{E6937225-4868-4B50-A4DF-6F45540E4322}.Release|Any CPU.ActiveCfg = Release|Any CPU
		{E6937225-4868-4B50-A4DF-6F45540E4322}.Release|Any CPU.Build.0 = Release|Any CPU
		{8F70E7B2-9D14-4C73-AC4F-2FC432E69663}.Debug|Any CPU.ActiveCfg = Debug|Any CPU
		{8F70E7B2-9D14-4C73-AC4F-2FC432E69663}.Debug|Any CPU.Build.0 = Debug|Any CPU
		{8F70E7B2-9D14-4C73-AC4F-2FC432E69663}.Release|Any CPU.ActiveCfg = Release|Any CPU
		{8F70E7B2-9D14-4C73-AC4F-2FC432E69663}.Release|Any CPU.Build.0 = Release|Any CPU
	EndGlobalSection
	GlobalSection(SolutionProperties) = preSolution
		HideSolutionNode = FALSE
	EndGlobalSection
EndGlobal
